
Microsoft Visual Studio Solution File, Format Version 12.00
# Visual Studio 14
VisualStudioVersion = 14.0.24720.0
MinimumVisualStudioVersion = 10.0.40219.1
Project("{FAE04EC0-301F-11D3-BF4B-00C04F79EFBC}") = "ActiveEdge", "ActiveEdge\ActiveEdge.csproj", "{86CADB26-5817-46B6-88C7-76D5753722C3}"
EndProject
Project("{FAE04EC0-301F-11D3-BF4B-00C04F79EFBC}") = "Domain", "Domain\Domain.csproj", "{E38FF7BD-3792-4E9E-8BF9-2E6D86A730A4}"
EndProject
Project("{FAE04EC0-301F-11D3-BF4B-00C04F79EFBC}") = "Unit.Tests", "Unit.Tests\Unit.Tests.csproj", "{B4EBA423-A40F-45D7-9915-B208AD88AACA}"
EndProject
Project("{FAE04EC0-301F-11D3-BF4B-00C04F79EFBC}") = "Inspinia_MVC5", "Inspinia_MVC5\Inspinia_MVC5.csproj", "{A5859E0E-3C08-4045-B8DC-B3FB13655B00}"
EndProject
Project("{FAE04EC0-301F-11D3-BF4B-00C04F79EFBC}") = "Shared", "Shared\Shared.csproj", "{717EF0BC-1F6A-4363-893C-02CFED26AD45}"
EndProject
Project("{FAE04EC0-301F-11D3-BF4B-00C04F79EFBC}") = "Read", "Read.Model\Read.csproj", "{62BA3F46-A671-4B2D-A7DE-B30905D0F031}"
EndProject
Global
	GlobalSection(SolutionConfigurationPlatforms) = preSolution
		Debug|Any CPU = Debug|Any CPU
		Release|Any CPU = Release|Any CPU
	EndGlobalSection
	GlobalSection(ProjectConfigurationPlatforms) = postSolution
		{86CADB26-5817-46B6-88C7-76D5753722C3}.Debug|Any CPU.ActiveCfg = Debug|Any CPU
		{86CADB26-5817-46B6-88C7-76D5753722C3}.Debug|Any CPU.Build.0 = Debug|Any CPU
		{86CADB26-5817-46B6-88C7-76D5753722C3}.Release|Any CPU.ActiveCfg = Release|Any CPU
		{86CADB26-5817-46B6-88C7-76D5753722C3}.Release|Any CPU.Build.0 = Release|Any CPU
		{E38FF7BD-3792-4E9E-8BF9-2E6D86A730A4}.Debug|Any CPU.ActiveCfg = Debug|Any CPU
		{E38FF7BD-3792-4E9E-8BF9-2E6D86A730A4}.Debug|Any CPU.Build.0 = Debug|Any CPU
		{E38FF7BD-3792-4E9E-8BF9-2E6D86A730A4}.Release|Any CPU.ActiveCfg = Release|Any CPU
		{E38FF7BD-3792-4E9E-8BF9-2E6D86A730A4}.Release|Any CPU.Build.0 = Release|Any CPU
		{B4EBA423-A40F-45D7-9915-B208AD88AACA}.Debug|Any CPU.ActiveCfg = Debug|Any CPU
		{B4EBA423-A40F-45D7-9915-B208AD88AACA}.Debug|Any CPU.Build.0 = Debug|Any CPU
		{B4EBA423-A40F-45D7-9915-B208AD88AACA}.Release|Any CPU.ActiveCfg = Release|Any CPU
		{B4EBA423-A40F-45D7-9915-B208AD88AACA}.Release|Any CPU.Build.0 = Release|Any CPU
		{A5859E0E-3C08-4045-B8DC-B3FB13655B00}.Debug|Any CPU.ActiveCfg = Debug|Any CPU
		{A5859E0E-3C08-4045-B8DC-B3FB13655B00}.Debug|Any CPU.Build.0 = Debug|Any CPU
		{A5859E0E-3C08-4045-B8DC-B3FB13655B00}.Release|Any CPU.ActiveCfg = Release|Any CPU
		{A5859E0E-3C08-4045-B8DC-B3FB13655B00}.Release|Any CPU.Build.0 = Release|Any CPU
		{717EF0BC-1F6A-4363-893C-02CFED26AD45}.Debug|Any CPU.ActiveCfg = Debug|Any CPU
		{717EF0BC-1F6A-4363-893C-02CFED26AD45}.Debug|Any CPU.Build.0 = Debug|Any CPU
		{717EF0BC-1F6A-4363-893C-02CFED26AD45}.Release|Any CPU.ActiveCfg = Release|Any CPU
		{717EF0BC-1F6A-4363-893C-02CFED26AD45}.Release|Any CPU.Build.0 = Release|Any CPU
		{62BA3F46-A671-4B2D-A7DE-B30905D0F031}.Debug|Any CPU.ActiveCfg = Debug|Any CPU
		{62BA3F46-A671-4B2D-A7DE-B30905D0F031}.Debug|Any CPU.Build.0 = Debug|Any CPU
		{62BA3F46-A671-4B2D-A7DE-B30905D0F031}.Release|Any CPU.ActiveCfg = Release|Any CPU
		{62BA3F46-A671-4B2D-A7DE-B30905D0F031}.Release|Any CPU.Build.0 = Release|Any CPU
	EndGlobalSection
	GlobalSection(SolutionProperties) = preSolution
		HideSolutionNode = FALSE
	EndGlobalSection
EndGlobal
